
Microsoft Visual Studio Solution File, Format Version 12.00
# Visual Studio Version 17
VisualStudioVersion = 17.11.35312.102
MinimumVisualStudioVersion = 10.0.40219.1
Project("{FAE04EC0-301F-11D3-BF4B-00C04F79EFBC}") = "Project.Client", "Project\Project.Client.csproj", "{63378DD4-C9CE-4F40-A3E9-A546E198B6D7}"
EndProject
Project("{FAE04EC0-301F-11D3-BF4B-00C04F79EFBC}") = "Project.Data", "Project.Data\Project.Data.csproj", "{5310D265-D2F9-4B37-BC70-28F9BA27DEC7}"
EndProject
Project("{FAE04EC0-301F-11D3-BF4B-00C04F79EFBC}") = "Project.Logic", "Project.Logic\Project.Logic.csproj", "{60D6E940-DA06-4099-8C07-2C2F46A38319}"
	ProjectSection(ProjectDependencies) = postProject
		{5310D265-D2F9-4B37-BC70-28F9BA27DEC7} = {5310D265-D2F9-4B37-BC70-28F9BA27DEC7}
	EndProjectSection
EndProject
Project("{FAE04EC0-301F-11D3-BF4B-00C04F79EFBC}") = "Project.Models", "Project.Models\Project.Models.csproj", "{E4F7D31B-C4A8-46AD-8369-2395564F955B}"
EndProject
Global
	GlobalSection(SolutionConfigurationPlatforms) = preSolution
		Debug|Any CPU = Debug|Any CPU
		Release|Any CPU = Release|Any CPU
	EndGlobalSection
	GlobalSection(ProjectConfigurationPlatforms) = postSolution
		{63378DD4-C9CE-4F40-A3E9-A546E198B6D7}.Debug|Any CPU.ActiveCfg = Debug|Any CPU
		{63378DD4-C9CE-4F40-A3E9-A546E198B6D7}.Debug|Any CPU.Build.0 = Debug|Any CPU
		{63378DD4-C9CE-4F40-A3E9-A546E198B6D7}.Release|Any CPU.ActiveCfg = Release|Any CPU
		{63378DD4-C9CE-4F40-A3E9-A546E198B6D7}.Release|Any CPU.Build.0 = Release|Any CPU
		{5310D265-D2F9-4B37-BC70-28F9BA27DEC7}.Debug|Any CPU.ActiveCfg = Debug|Any CPU
		{5310D265-D2F9-4B37-BC70-28F9BA27DEC7}.Debug|Any CPU.Build.0 = Debug|Any CPU
		{5310D265-D2F9-4B37-BC70-28F9BA27DEC7}.Release|Any CPU.ActiveCfg = Release|Any CPU
		{5310D265-D2F9-4B37-BC70-28F9BA27DEC7}.Release|Any CPU.Build.0 = Release|Any CPU
		{60D6E940-DA06-4099-8C07-2C2F46A38319}.Debug|Any CPU.ActiveCfg = Debug|Any CPU
		{60D6E940-DA06-4099-8C07-2C2F46A38319}.Debug|Any CPU.Build.0 = Debug|Any CPU
		{60D6E940-DA06-4099-8C07-2C2F46A38319}.Release|Any CPU.ActiveCfg = Release|Any CPU
		{60D6E940-DA06-4099-8C07-2C2F46A38319}.Release|Any CPU.Build.0 = Release|Any CPU
		{E4F7D31B-C4A8-46AD-8369-2395564F955B}.Debug|Any CPU.ActiveCfg = Debug|Any CPU
		{E4F7D31B-C4A8-46AD-8369-2395564F955B}.Debug|Any CPU.Build.0 = Debug|Any CPU
		{E4F7D31B-C4A8-46AD-8369-2395564F955B}.Release|Any CPU.ActiveCfg = Release|Any CPU
		{E4F7D31B-C4A8-46AD-8369-2395564F955B}.Release|Any CPU.Build.0 = Release|Any CPU
	EndGlobalSection
	GlobalSection(SolutionProperties) = preSolution
		HideSolutionNode = FALSE
	EndGlobalSection
	GlobalSection(ExtensibilityGlobals) = postSolution
		SolutionGuid = {44752AE8-4240-4E05-825B-221657DBEDA3}
	EndGlobalSection
EndGlobal
